// !$*UTF8*$!
{
	archiveVersion = 1;
	classes = {
	};
	objectVersion = 46;
	objects = {

/* Begin PBXBuildFile section */
		F441D2B21A673A2C003CB7F1 /* Event.m in Sources */ = {isa = PBXBuildFile; fileRef = F441D2B11A673A2C003CB7F1 /* Event.m */; };
		F441D2B41A674965003CB7F1 /* MapKit.framework in Frameworks */ = {isa = PBXBuildFile; fileRef = F441D2B31A674965003CB7F1 /* MapKit.framework */; };
		F441D2B81A674C8D003CB7F1 /* Location.m in Sources */ = {isa = PBXBuildFile; fileRef = F441D2B71A674C8D003CB7F1 /* Location.m */; };
		F468DC541A71D1B900B1BDDA /* UrlRequester.m in Sources */ = {isa = PBXBuildFile; fileRef = F468DC531A71D1B900B1BDDA /* UrlRequester.m */; };
		F46AA3101A81ED3000D9957C /* NewTripTableViewCell.m in Sources */ = {isa = PBXBuildFile; fileRef = F46AA30F1A81ED3000D9957C /* NewTripTableViewCell.m */; };
		F47368A01A65B97300EF207B /* main.m in Sources */ = {isa = PBXBuildFile; fileRef = F473689F1A65B97300EF207B /* main.m */; };
		F47368A31A65B97300EF207B /* AppDelegate.m in Sources */ = {isa = PBXBuildFile; fileRef = F47368A21A65B97300EF207B /* AppDelegate.m */; };
		F47368A61A65B97300EF207B /* TripsViewController.m in Sources */ = {isa = PBXBuildFile; fileRef = F47368A51A65B97300EF207B /* TripsViewController.m */; };
		F47368A91A65B97300EF207B /* ProfileViewController.m in Sources */ = {isa = PBXBuildFile; fileRef = F47368A81A65B97300EF207B /* ProfileViewController.m */; };
		F47368AC1A65B97300EF207B /* Main.storyboard in Resources */ = {isa = PBXBuildFile; fileRef = F47368AA1A65B97300EF207B /* Main.storyboard */; };
		F47368B11A65B97300EF207B /* LaunchScreen.xib in Resources */ = {isa = PBXBuildFile; fileRef = F47368AF1A65B97300EF207B /* LaunchScreen.xib */; };
		F47368BD1A65B97300EF207B /* TrippAppTests.m in Sources */ = {isa = PBXBuildFile; fileRef = F47368BC1A65B97300EF207B /* TrippAppTests.m */; };
		F47368C81A65BB8C00EF207B /* SettingsViewController.m in Sources */ = {isa = PBXBuildFile; fileRef = F47368C71A65BB8C00EF207B /* SettingsViewController.m */; };
		F47368CB1A65F0EF00EF207B /* DetailTripViewController.m in Sources */ = {isa = PBXBuildFile; fileRef = F47368CA1A65F0EF00EF207B /* DetailTripViewController.m */; };
		F47368D11A65FD3600EF207B /* TripTableViewCell.m in Sources */ = {isa = PBXBuildFile; fileRef = F47368D01A65FD3600EF207B /* TripTableViewCell.m */; };
		F47368D61A660E9300EF207B /* TripDetailTableViewCell.m in Sources */ = {isa = PBXBuildFile; fileRef = F47368D51A660E9300EF207B /* TripDetailTableViewCell.m */; };
		F47368DD1A6614B100EF207B /* Trip.m in Sources */ = {isa = PBXBuildFile; fileRef = F47368DC1A6614B100EF207B /* Trip.m */; };
		F47368E01A66198200EF207B /* DataModel.m in Sources */ = {isa = PBXBuildFile; fileRef = F47368DF1A66198200EF207B /* DataModel.m */; };
		F4A1EDA11A817A95001B16F8 /* NewTripViewController.m in Sources */ = {isa = PBXBuildFile; fileRef = F4A1EDA01A817A95001B16F8 /* NewTripViewController.m */; };
		F4A2949B1A6D960A00730E30 /* Resources.xcassets in Resources */ = {isa = PBXBuildFile; fileRef = F4A2949A1A6D960A00730E30 /* Resources.xcassets */; };
		F4A2949F1A6D9DD000730E30 /* MapDetailTripViewController.m in Sources */ = {isa = PBXBuildFile; fileRef = F4A2949E1A6D9DD000730E30 /* MapDetailTripViewController.m */; };
		F4A294A21A6DB39200730E30 /* ScheduleDetailTripViewController.m in Sources */ = {isa = PBXBuildFile; fileRef = F4A294A11A6DB39200730E30 /* ScheduleDetailTripViewController.m */; };
/* End PBXBuildFile section */

/* Begin PBXContainerItemProxy section */
		F47368B71A65B97300EF207B /* PBXContainerItemProxy */ = {
			isa = PBXContainerItemProxy;
			containerPortal = F47368921A65B97300EF207B /* Project object */;
			proxyType = 1;
			remoteGlobalIDString = F47368991A65B97300EF207B;
			remoteInfo = TrippApp;
		};
/* End PBXContainerItemProxy section */

/* Begin PBXFileReference section */
		F441D2B01A6739CA003CB7F1 /* Event.h */ = {isa = PBXFileReference; fileEncoding = 4; lastKnownFileType = sourcecode.c.h; path = Event.h; sourceTree = "<group>"; };
		F441D2B11A673A2C003CB7F1 /* Event.m */ = {isa = PBXFileReference; fileEncoding = 4; lastKnownFileType = sourcecode.c.objc; path = Event.m; sourceTree = "<group>"; };
		F441D2B31A674965003CB7F1 /* MapKit.framework */ = {isa = PBXFileReference; lastKnownFileType = wrapper.framework; name = MapKit.framework; path = System/Library/Frameworks/MapKit.framework; sourceTree = SDKROOT; };
		F441D2B71A674C8D003CB7F1 /* Location.m */ = {isa = PBXFileReference; fileEncoding = 4; lastKnownFileType = sourcecode.c.objc; path = Location.m; sourceTree = "<group>"; };
		F441D2B91A674C98003CB7F1 /* Location.h */ = {isa = PBXFileReference; lastKnownFileType = sourcecode.c.h; path = Location.h; sourceTree = "<group>"; };
		F468DC521A71D1B900B1BDDA /* UrlRequester.h */ = {isa = PBXFileReference; fileEncoding = 4; lastKnownFileType = sourcecode.c.h; path = UrlRequester.h; sourceTree = "<group>"; };
		F468DC531A71D1B900B1BDDA /* UrlRequester.m */ = {isa = PBXFileReference; fileEncoding = 4; lastKnownFileType = sourcecode.c.objc; path = UrlRequester.m; sourceTree = "<group>"; };
		F46AA30E1A81ED3000D9957C /* NewTripTableViewCell.h */ = {isa = PBXFileReference; fileEncoding = 4; lastKnownFileType = sourcecode.c.h; path = NewTripTableViewCell.h; sourceTree = "<group>"; };
		F46AA30F1A81ED3000D9957C /* NewTripTableViewCell.m */ = {isa = PBXFileReference; fileEncoding = 4; lastKnownFileType = sourcecode.c.objc; path = NewTripTableViewCell.m; sourceTree = "<group>"; };
		F473689A1A65B97300EF207B /* TrippApp.app */ = {isa = PBXFileReference; explicitFileType = wrapper.application; includeInIndex = 0; path = TrippApp.app; sourceTree = BUILT_PRODUCTS_DIR; };
		F473689E1A65B97300EF207B /* Info.plist */ = {isa = PBXFileReference; lastKnownFileType = text.plist.xml; path = Info.plist; sourceTree = "<group>"; };
		F473689F1A65B97300EF207B /* main.m */ = {isa = PBXFileReference; lastKnownFileType = sourcecode.c.objc; path = main.m; sourceTree = "<group>"; };
		F47368A11A65B97300EF207B /* AppDelegate.h */ = {isa = PBXFileReference; lastKnownFileType = sourcecode.c.h; path = AppDelegate.h; sourceTree = "<group>"; };
		F47368A21A65B97300EF207B /* AppDelegate.m */ = {isa = PBXFileReference; lastKnownFileType = sourcecode.c.objc; path = AppDelegate.m; sourceTree = "<group>"; };
		F47368A41A65B97300EF207B /* TripsViewController.h */ = {isa = PBXFileReference; lastKnownFileType = sourcecode.c.h; path = TripsViewController.h; sourceTree = "<group>"; };
		F47368A51A65B97300EF207B /* TripsViewController.m */ = {isa = PBXFileReference; lastKnownFileType = sourcecode.c.objc; path = TripsViewController.m; sourceTree = "<group>"; };
		F47368A71A65B97300EF207B /* ProfileViewController.h */ = {isa = PBXFileReference; lastKnownFileType = sourcecode.c.h; path = ProfileViewController.h; sourceTree = "<group>"; };
		F47368A81A65B97300EF207B /* ProfileViewController.m */ = {isa = PBXFileReference; lastKnownFileType = sourcecode.c.objc; path = ProfileViewController.m; sourceTree = "<group>"; };
		F47368AB1A65B97300EF207B /* Base */ = {isa = PBXFileReference; lastKnownFileType = file.storyboard; name = Base; path = Base.lproj/Main.storyboard; sourceTree = "<group>"; };
		F47368B01A65B97300EF207B /* Base */ = {isa = PBXFileReference; lastKnownFileType = file.xib; name = Base; path = Base.lproj/LaunchScreen.xib; sourceTree = "<group>"; };
		F47368B61A65B97300EF207B /* TrippAppTests.xctest */ = {isa = PBXFileReference; explicitFileType = wrapper.cfbundle; includeInIndex = 0; path = TrippAppTests.xctest; sourceTree = BUILT_PRODUCTS_DIR; };
		F47368BB1A65B97300EF207B /* Info.plist */ = {isa = PBXFileReference; lastKnownFileType = text.plist.xml; path = Info.plist; sourceTree = "<group>"; };
		F47368BC1A65B97300EF207B /* TrippAppTests.m */ = {isa = PBXFileReference; lastKnownFileType = sourcecode.c.objc; path = TrippAppTests.m; sourceTree = "<group>"; };
		F47368C61A65BB8C00EF207B /* SettingsViewController.h */ = {isa = PBXFileReference; fileEncoding = 4; lastKnownFileType = sourcecode.c.h; path = SettingsViewController.h; sourceTree = "<group>"; };
		F47368C71A65BB8C00EF207B /* SettingsViewController.m */ = {isa = PBXFileReference; fileEncoding = 4; lastKnownFileType = sourcecode.c.objc; path = SettingsViewController.m; sourceTree = "<group>"; };
		F47368C91A65F0EF00EF207B /* DetailTripViewController.h */ = {isa = PBXFileReference; fileEncoding = 4; lastKnownFileType = sourcecode.c.h; path = DetailTripViewController.h; sourceTree = "<group>"; };
		F47368CA1A65F0EF00EF207B /* DetailTripViewController.m */ = {isa = PBXFileReference; fileEncoding = 4; lastKnownFileType = sourcecode.c.objc; path = DetailTripViewController.m; sourceTree = "<group>"; };
		F47368CF1A65FD3600EF207B /* TripTableViewCell.h */ = {isa = PBXFileReference; fileEncoding = 4; lastKnownFileType = sourcecode.c.h; path = TripTableViewCell.h; sourceTree = "<group>"; };
		F47368D01A65FD3600EF207B /* TripTableViewCell.m */ = {isa = PBXFileReference; fileEncoding = 4; lastKnownFileType = sourcecode.c.objc; path = TripTableViewCell.m; sourceTree = "<group>"; };
		F47368D41A660E9300EF207B /* TripDetailTableViewCell.h */ = {isa = PBXFileReference; fileEncoding = 4; lastKnownFileType = sourcecode.c.h; path = TripDetailTableViewCell.h; sourceTree = "<group>"; };
		F47368D51A660E9300EF207B /* TripDetailTableViewCell.m */ = {isa = PBXFileReference; fileEncoding = 4; lastKnownFileType = sourcecode.c.objc; path = TripDetailTableViewCell.m; sourceTree = "<group>"; };
		F47368DB1A6614B100EF207B /* Trip.h */ = {isa = PBXFileReference; fileEncoding = 4; lastKnownFileType = sourcecode.c.h; path = Trip.h; sourceTree = "<group>"; };
		F47368DC1A6614B100EF207B /* Trip.m */ = {isa = PBXFileReference; fileEncoding = 4; lastKnownFileType = sourcecode.c.objc; path = Trip.m; sourceTree = "<group>"; };
		F47368DE1A66198200EF207B /* DataModel.h */ = {isa = PBXFileReference; fileEncoding = 4; lastKnownFileType = sourcecode.c.h; path = DataModel.h; sourceTree = "<group>"; };
		F47368DF1A66198200EF207B /* DataModel.m */ = {isa = PBXFileReference; fileEncoding = 4; lastKnownFileType = sourcecode.c.objc; path = DataModel.m; sourceTree = "<group>"; };
		F4A1ED9F1A817A95001B16F8 /* NewTripViewController.h */ = {isa = PBXFileReference; fileEncoding = 4; lastKnownFileType = sourcecode.c.h; path = NewTripViewController.h; sourceTree = "<group>"; };
		F4A1EDA01A817A95001B16F8 /* NewTripViewController.m */ = {isa = PBXFileReference; fileEncoding = 4; lastKnownFileType = sourcecode.c.objc; path = NewTripViewController.m; sourceTree = "<group>"; };
		F4A2949A1A6D960A00730E30 /* Resources.xcassets */ = {isa = PBXFileReference; lastKnownFileType = folder.assetcatalog; path = Resources.xcassets; sourceTree = "<group>"; };
		F4A2949D1A6D9DD000730E30 /* MapDetailTripViewController.h */ = {isa = PBXFileReference; fileEncoding = 4; lastKnownFileType = sourcecode.c.h; path = MapDetailTripViewController.h; sourceTree = "<group>"; };
		F4A2949E1A6D9DD000730E30 /* MapDetailTripViewController.m */ = {isa = PBXFileReference; fileEncoding = 4; lastKnownFileType = sourcecode.c.objc; path = MapDetailTripViewController.m; sourceTree = "<group>"; };
		F4A294A01A6DB39200730E30 /* ScheduleDetailTripViewController.h */ = {isa = PBXFileReference; fileEncoding = 4; lastKnownFileType = sourcecode.c.h; path = ScheduleDetailTripViewController.h; sourceTree = "<group>"; };
		F4A294A11A6DB39200730E30 /* ScheduleDetailTripViewController.m */ = {isa = PBXFileReference; fileEncoding = 4; lastKnownFileType = sourcecode.c.objc; path = ScheduleDetailTripViewController.m; sourceTree = "<group>"; };
/* End PBXFileReference section */

/* Begin PBXFrameworksBuildPhase section */
		F47368971A65B97300EF207B /* Frameworks */ = {
			isa = PBXFrameworksBuildPhase;
			buildActionMask = 2147483647;
			files = (
				F441D2B41A674965003CB7F1 /* MapKit.framework in Frameworks */,
			);
			runOnlyForDeploymentPostprocessing = 0;
		};
		F47368B31A65B97300EF207B /* Frameworks */ = {
			isa = PBXFrameworksBuildPhase;
			buildActionMask = 2147483647;
			files = (
			);
			runOnlyForDeploymentPostprocessing = 0;
		};
/* End PBXFrameworksBuildPhase section */

/* Begin PBXGroup section */
		F468DC511A71D14D00B1BDDA /* Networking Helper */ = {
			isa = PBXGroup;
			children = (
				F468DC521A71D1B900B1BDDA /* UrlRequester.h */,
				F468DC531A71D1B900B1BDDA /* UrlRequester.m */,
			);
			name = "Networking Helper";
			sourceTree = "<group>";
		};
		F46AA30D1A81ECFF00D9957C /* NewTripTableCell */ = {
			isa = PBXGroup;
			children = (
				F46AA30E1A81ED3000D9957C /* NewTripTableViewCell.h */,
				F46AA30F1A81ED3000D9957C /* NewTripTableViewCell.m */,
			);
			name = NewTripTableCell;
			sourceTree = "<group>";
		};
		F47368911A65B97300EF207B = {
			isa = PBXGroup;
			children = (
				F4A2949A1A6D960A00730E30 /* Resources.xcassets */,
				F441D2B31A674965003CB7F1 /* MapKit.framework */,
				F473689C1A65B97300EF207B /* TrippApp */,
				F47368B91A65B97300EF207B /* TrippAppTests */,
				F473689B1A65B97300EF207B /* Products */,
			);
			sourceTree = "<group>";
		};
		F473689B1A65B97300EF207B /* Products */ = {
			isa = PBXGroup;
			children = (
				F473689A1A65B97300EF207B /* TrippApp.app */,
				F47368B61A65B97300EF207B /* TrippAppTests.xctest */,
			);
			name = Products;
			sourceTree = "<group>";
		};
		F473689C1A65B97300EF207B /* TrippApp */ = {
			isa = PBXGroup;
			children = (
				F468DC511A71D14D00B1BDDA /* Networking Helper */,
				F47368D71A66138C00EF207B /* Data Models */,
				F47368CC1A65F0FE00EF207B /* Trip Management */,
				F47368CD1A65F12000EF207B /* Profile Management */,
				F47368CE1A65F13200EF207B /* Settings Management */,
				F47368A11A65B97300EF207B /* AppDelegate.h */,
				F47368A21A65B97300EF207B /* AppDelegate.m */,
				F47368AA1A65B97300EF207B /* Main.storyboard */,
				F47368AF1A65B97300EF207B /* LaunchScreen.xib */,
				F473689D1A65B97300EF207B /* Supporting Files */,
			);
			path = TrippApp;
			sourceTree = "<group>";
		};
		F473689D1A65B97300EF207B /* Supporting Files */ = {
			isa = PBXGroup;
			children = (
				F473689E1A65B97300EF207B /* Info.plist */,
				F473689F1A65B97300EF207B /* main.m */,
			);
			name = "Supporting Files";
			sourceTree = "<group>";
		};
		F47368B91A65B97300EF207B /* TrippAppTests */ = {
			isa = PBXGroup;
			children = (
				F47368BC1A65B97300EF207B /* TrippAppTests.m */,
				F47368BA1A65B97300EF207B /* Supporting Files */,
			);
			path = TrippAppTests;
			sourceTree = "<group>";
		};
		F47368BA1A65B97300EF207B /* Supporting Files */ = {
			isa = PBXGroup;
			children = (
				F47368BB1A65B97300EF207B /* Info.plist */,
			);
			name = "Supporting Files";
			sourceTree = "<group>";
		};
		F47368CC1A65F0FE00EF207B /* Trip Management */ = {
			isa = PBXGroup;
			children = (
				F4A1ED9E1A817A30001B16F8 /* New Trip */,
				F47368D21A660E5300EF207B /* Trips View */,
				F47368D31A660E6A00EF207B /* Trips Detail View */,
			);
			name = "Trip Management";
			sourceTree = "<group>";
		};
		F47368CD1A65F12000EF207B /* Profile Management */ = {
			isa = PBXGroup;
			children = (
				F47368A71A65B97300EF207B /* ProfileViewController.h */,
				F47368A81A65B97300EF207B /* ProfileViewController.m */,
			);
			name = "Profile Management";
			sourceTree = "<group>";
		};
		F47368CE1A65F13200EF207B /* Settings Management */ = {
			isa = PBXGroup;
			children = (
				F47368C61A65BB8C00EF207B /* SettingsViewController.h */,
				F47368C71A65BB8C00EF207B /* SettingsViewController.m */,
			);
			name = "Settings Management";
			sourceTree = "<group>";
		};
		F47368D21A660E5300EF207B /* Trips View */ = {
			isa = PBXGroup;
			children = (
				F47368A41A65B97300EF207B /* TripsViewController.h */,
				F47368A51A65B97300EF207B /* TripsViewController.m */,
				F47368CF1A65FD3600EF207B /* TripTableViewCell.h */,
				F47368D01A65FD3600EF207B /* TripTableViewCell.m */,
			);
			name = "Trips View";
			sourceTree = "<group>";
		};
		F47368D31A660E6A00EF207B /* Trips Detail View */ = {
			isa = PBXGroup;
			children = (
				F47368C91A65F0EF00EF207B /* DetailTripViewController.h */,
				F47368CA1A65F0EF00EF207B /* DetailTripViewController.m */,
				F47368D41A660E9300EF207B /* TripDetailTableViewCell.h */,
				F47368D51A660E9300EF207B /* TripDetailTableViewCell.m */,
				F4A2949C1A6D9D5400730E30 /* Trips Detail Map View */,
			);
			name = "Trips Detail View";
			sourceTree = "<group>";
		};
		F47368D71A66138C00EF207B /* Data Models */ = {
			isa = PBXGroup;
			children = (
				F441D2B91A674C98003CB7F1 /* Location.h */,
				F441D2B71A674C8D003CB7F1 /* Location.m */,
				F47368DB1A6614B100EF207B /* Trip.h */,
				F47368DC1A6614B100EF207B /* Trip.m */,
				F441D2B01A6739CA003CB7F1 /* Event.h */,
				F441D2B11A673A2C003CB7F1 /* Event.m */,
				F47368DE1A66198200EF207B /* DataModel.h */,
				F47368DF1A66198200EF207B /* DataModel.m */,
			);
			name = "Data Models";
			sourceTree = "<group>";
		};
		F4A1ED9E1A817A30001B16F8 /* New Trip */ = {
			isa = PBXGroup;
			children = (
				F46AA30D1A81ECFF00D9957C /* NewTripTableCell */,
				F4A1ED9F1A817A95001B16F8 /* NewTripViewController.h */,
				F4A1EDA01A817A95001B16F8 /* NewTripViewController.m */,
			);
			name = "New Trip";
			sourceTree = "<group>";
		};
		F4A2949C1A6D9D5400730E30 /* Trips Detail Map View */ = {
			isa = PBXGroup;
			children = (
				F4A2949D1A6D9DD000730E30 /* MapDetailTripViewController.h */,
				F4A2949E1A6D9DD000730E30 /* MapDetailTripViewController.m */,
				F4A294A01A6DB39200730E30 /* ScheduleDetailTripViewController.h */,
				F4A294A11A6DB39200730E30 /* ScheduleDetailTripViewController.m */,
			);
			name = "Trips Detail Map View";
			sourceTree = "<group>";
		};
/* End PBXGroup section */

/* Begin PBXNativeTarget section */
		F47368991A65B97300EF207B /* TrippApp */ = {
			isa = PBXNativeTarget;
			buildConfigurationList = F47368C01A65B97300EF207B /* Build configuration list for PBXNativeTarget "TrippApp" */;
			buildPhases = (
				F47368961A65B97300EF207B /* Sources */,
				F47368971A65B97300EF207B /* Frameworks */,
				F47368981A65B97300EF207B /* Resources */,
			);
			buildRules = (
			);
			dependencies = (
			);
			name = TrippApp;
			productName = TrippApp;
			productReference = F473689A1A65B97300EF207B /* TrippApp.app */;
			productType = "com.apple.product-type.application";
		};
		F47368B51A65B97300EF207B /* TrippAppTests */ = {
			isa = PBXNativeTarget;
			buildConfigurationList = F47368C31A65B97300EF207B /* Build configuration list for PBXNativeTarget "TrippAppTests" */;
			buildPhases = (
				F47368B21A65B97300EF207B /* Sources */,
				F47368B31A65B97300EF207B /* Frameworks */,
				F47368B41A65B97300EF207B /* Resources */,
			);
			buildRules = (
			);
			dependencies = (
				F47368B81A65B97300EF207B /* PBXTargetDependency */,
			);
			name = TrippAppTests;
			productName = TrippAppTests;
			productReference = F47368B61A65B97300EF207B /* TrippAppTests.xctest */;
			productType = "com.apple.product-type.bundle.unit-test";
		};
/* End PBXNativeTarget section */

/* Begin PBXProject section */
		F47368921A65B97300EF207B /* Project object */ = {
			isa = PBXProject;
			attributes = {
				LastUpgradeCheck = 0610;
				ORGANIZATIONNAME = "Chema Leon";
				TargetAttributes = {
					F47368991A65B97300EF207B = {
						CreatedOnToolsVersion = 6.1.1;
					};
					F47368B51A65B97300EF207B = {
						CreatedOnToolsVersion = 6.1.1;
						TestTargetID = F47368991A65B97300EF207B;
					};
				};
			};
			buildConfigurationList = F47368951A65B97300EF207B /* Build configuration list for PBXProject "TrippApp" */;
			compatibilityVersion = "Xcode 3.2";
			developmentRegion = English;
			hasScannedForEncodings = 0;
			knownRegions = (
				en,
				Base,
			);
			mainGroup = F47368911A65B97300EF207B;
			productRefGroup = F473689B1A65B97300EF207B /* Products */;
			projectDirPath = "";
			projectRoot = "";
			targets = (
				F47368991A65B97300EF207B /* TrippApp */,
				F47368B51A65B97300EF207B /* TrippAppTests */,
			);
		};
/* End PBXProject section */

/* Begin PBXResourcesBuildPhase section */
		F47368981A65B97300EF207B /* Resources */ = {
			isa = PBXResourcesBuildPhase;
			buildActionMask = 2147483647;
			files = (
				F4A2949B1A6D960A00730E30 /* Resources.xcassets in Resources */,
				F47368AC1A65B97300EF207B /* Main.storyboard in Resources */,
				F47368B11A65B97300EF207B /* LaunchScreen.xib in Resources */,
			);
			runOnlyForDeploymentPostprocessing = 0;
		};
		F47368B41A65B97300EF207B /* Resources */ = {
			isa = PBXResourcesBuildPhase;
			buildActionMask = 2147483647;
			files = (
			);
			runOnlyForDeploymentPostprocessing = 0;
		};
/* End PBXResourcesBuildPhase section */

/* Begin PBXSourcesBuildPhase section */
		F47368961A65B97300EF207B /* Sources */ = {
			isa = PBXSourcesBuildPhase;
			buildActionMask = 2147483647;
			files = (
				F441D2B21A673A2C003CB7F1 /* Event.m in Sources */,
				F47368A91A65B97300EF207B /* ProfileViewController.m in Sources */,
				F47368D61A660E9300EF207B /* TripDetailTableViewCell.m in Sources */,
				F47368A31A65B97300EF207B /* AppDelegate.m in Sources */,
				F47368E01A66198200EF207B /* DataModel.m in Sources */,
				F468DC541A71D1B900B1BDDA /* UrlRequester.m in Sources */,
				F4A294A21A6DB39200730E30 /* ScheduleDetailTripViewController.m in Sources */,
				F441D2B81A674C8D003CB7F1 /* Location.m in Sources */,
				F47368D11A65FD3600EF207B /* TripTableViewCell.m in Sources */,
				F47368C81A65BB8C00EF207B /* SettingsViewController.m in Sources */,
				F4A1EDA11A817A95001B16F8 /* NewTripViewController.m in Sources */,
				F46AA3101A81ED3000D9957C /* NewTripTableViewCell.m in Sources */,
				F47368A61A65B97300EF207B /* TripsViewController.m in Sources */,
				F47368CB1A65F0EF00EF207B /* DetailTripViewController.m in Sources */,
				F47368DD1A6614B100EF207B /* Trip.m in Sources */,
				F4A2949F1A6D9DD000730E30 /* MapDetailTripViewController.m in Sources */,
				F47368A01A65B97300EF207B /* main.m in Sources */,
			);
			runOnlyForDeploymentPostprocessing = 0;
		};
		F47368B21A65B97300EF207B /* Sources */ = {
			isa = PBXSourcesBuildPhase;
			buildActionMask = 2147483647;
			files = (
				F47368BD1A65B97300EF207B /* TrippAppTests.m in Sources */,
			);
			runOnlyForDeploymentPostprocessing = 0;
		};
/* End PBXSourcesBuildPhase section */

/* Begin PBXTargetDependency section */
		F47368B81A65B97300EF207B /* PBXTargetDependency */ = {
			isa = PBXTargetDependency;
			target = F47368991A65B97300EF207B /* TrippApp */;
			targetProxy = F47368B71A65B97300EF207B /* PBXContainerItemProxy */;
		};
/* End PBXTargetDependency section */

/* Begin PBXVariantGroup section */
		F47368AA1A65B97300EF207B /* Main.storyboard */ = {
			isa = PBXVariantGroup;
			children = (
				F47368AB1A65B97300EF207B /* Base */,
			);
			name = Main.storyboard;
			sourceTree = "<group>";
		};
		F47368AF1A65B97300EF207B /* LaunchScreen.xib */ = {
			isa = PBXVariantGroup;
			children = (
				F47368B01A65B97300EF207B /* Base */,
			);
			name = LaunchScreen.xib;
			sourceTree = "<group>";
		};
/* End PBXVariantGroup section */

/* Begin XCBuildConfiguration section */
		F47368BE1A65B97300EF207B /* Debug */ = {
			isa = XCBuildConfiguration;
			buildSettings = {
				ALWAYS_SEARCH_USER_PATHS = NO;
				CLANG_CXX_LANGUAGE_STANDARD = "gnu++0x";
				CLANG_CXX_LIBRARY = "libc++";
				CLANG_ENABLE_MODULES = YES;
				CLANG_ENABLE_OBJC_ARC = YES;
				CLANG_WARN_BOOL_CONVERSION = YES;
				CLANG_WARN_CONSTANT_CONVERSION = YES;
				CLANG_WARN_DIRECT_OBJC_ISA_USAGE = YES_ERROR;
				CLANG_WARN_EMPTY_BODY = YES;
				CLANG_WARN_ENUM_CONVERSION = YES;
				CLANG_WARN_INT_CONVERSION = YES;
				CLANG_WARN_OBJC_ROOT_CLASS = YES_ERROR;
				CLANG_WARN_UNREACHABLE_CODE = YES;
				CLANG_WARN__DUPLICATE_METHOD_MATCH = YES;
				"CODE_SIGN_IDENTITY[sdk=iphoneos*]" = "iPhone Developer";
				COPY_PHASE_STRIP = NO;
				ENABLE_STRICT_OBJC_MSGSEND = YES;
				GCC_C_LANGUAGE_STANDARD = gnu99;
				GCC_DYNAMIC_NO_PIC = NO;
				GCC_OPTIMIZATION_LEVEL = 0;
				GCC_PREPROCESSOR_DEFINITIONS = (
					"DEBUG=1",
					"$(inherited)",
				);
				GCC_SYMBOLS_PRIVATE_EXTERN = NO;
				GCC_WARN_64_TO_32_BIT_CONVERSION = YES;
				GCC_WARN_ABOUT_RETURN_TYPE = YES_ERROR;
				GCC_WARN_UNDECLARED_SELECTOR = YES;
				GCC_WARN_UNINITIALIZED_AUTOS = YES_AGGRESSIVE;
				GCC_WARN_UNUSED_FUNCTION = YES;
				GCC_WARN_UNUSED_VARIABLE = YES;
				IPHONEOS_DEPLOYMENT_TARGET = 8.1;
				MTL_ENABLE_DEBUG_INFO = YES;
				ONLY_ACTIVE_ARCH = YES;
				SDKROOT = iphoneos;
			};
			name = Debug;
		};
		F47368BF1A65B97300EF207B /* Release */ = {
			isa = XCBuildConfiguration;
			buildSettings = {
				ALWAYS_SEARCH_USER_PATHS = NO;
				CLANG_CXX_LANGUAGE_STANDARD = "gnu++0x";
				CLANG_CXX_LIBRARY = "libc++";
				CLANG_ENABLE_MODULES = YES;
				CLANG_ENABLE_OBJC_ARC = YES;
				CLANG_WARN_BOOL_CONVERSION = YES;
				CLANG_WARN_CONSTANT_CONVERSION = YES;
				CLANG_WARN_DIRECT_OBJC_ISA_USAGE = YES_ERROR;
				CLANG_WARN_EMPTY_BODY = YES;
				CLANG_WARN_ENUM_CONVERSION = YES;
				CLANG_WARN_INT_CONVERSION = YES;
				CLANG_WARN_OBJC_ROOT_CLASS = YES_ERROR;
				CLANG_WARN_UNREACHABLE_CODE = YES;
				CLANG_WARN__DUPLICATE_METHOD_MATCH = YES;
				"CODE_SIGN_IDENTITY[sdk=iphoneos*]" = "iPhone Developer";
				COPY_PHASE_STRIP = YES;
				ENABLE_NS_ASSERTIONS = NO;
				ENABLE_STRICT_OBJC_MSGSEND = YES;
				GCC_C_LANGUAGE_STANDARD = gnu99;
				GCC_WARN_64_TO_32_BIT_CONVERSION = YES;
				GCC_WARN_ABOUT_RETURN_TYPE = YES_ERROR;
				GCC_WARN_UNDECLARED_SELECTOR = YES;
				GCC_WARN_UNINITIALIZED_AUTOS = YES_AGGRESSIVE;
				GCC_WARN_UNUSED_FUNCTION = YES;
				GCC_WARN_UNUSED_VARIABLE = YES;
				IPHONEOS_DEPLOYMENT_TARGET = 8.1;
				MTL_ENABLE_DEBUG_INFO = NO;
				SDKROOT = iphoneos;
				VALIDATE_PRODUCT = YES;
			};
			name = Release;
		};
		F47368C11A65B97300EF207B /* Debug */ = {
			isa = XCBuildConfiguration;
			buildSettings = {
				ASSETCATALOG_COMPILER_APPICON_NAME = AppIcon;
				INFOPLIST_FILE = TrippApp/Info.plist;
				LD_RUNPATH_SEARCH_PATHS = "$(inherited) @executable_path/Frameworks";
				PRODUCT_NAME = "$(TARGET_NAME)";
			};
			name = Debug;
		};
		F47368C21A65B97300EF207B /* Release */ = {
			isa = XCBuildConfiguration;
			buildSettings = {
				ASSETCATALOG_COMPILER_APPICON_NAME = AppIcon;
				INFOPLIST_FILE = TrippApp/Info.plist;
				LD_RUNPATH_SEARCH_PATHS = "$(inherited) @executable_path/Frameworks";
				PRODUCT_NAME = "$(TARGET_NAME)";
			};
			name = Release;
		};
		F47368C41A65B97300EF207B /* Debug */ = {
			isa = XCBuildConfiguration;
			buildSettings = {
				BUNDLE_LOADER = "$(TEST_HOST)";
				FRAMEWORK_SEARCH_PATHS = (
					"$(SDKROOT)/Developer/Library/Frameworks",
					"$(inherited)",
				);
				GCC_PREPROCESSOR_DEFINITIONS = (
					"DEBUG=1",
					"$(inherited)",
				);
				INFOPLIST_FILE = TrippAppTests/Info.plist;
				LD_RUNPATH_SEARCH_PATHS = "$(inherited) @executable_path/Frameworks @loader_path/Frameworks";
				PRODUCT_NAME = "$(TARGET_NAME)";
				TEST_HOST = "$(BUILT_PRODUCTS_DIR)/TrippApp.app/TrippApp";
			};
			name = Debug;
		};
		F47368C51A65B97300EF207B /* Release */ = {
			isa = XCBuildConfiguration;
			buildSettings = {
				BUNDLE_LOADER = "$(TEST_HOST)";
				FRAMEWORK_SEARCH_PATHS = (
					"$(SDKROOT)/Developer/Library/Frameworks",
					"$(inherited)",
				);
				INFOPLIST_FILE = TrippAppTests/Info.plist;
				LD_RUNPATH_SEARCH_PATHS = "$(inherited) @executable_path/Frameworks @loader_path/Frameworks";
				PRODUCT_NAME = "$(TARGET_NAME)";
				TEST_HOST = "$(BUILT_PRODUCTS_DIR)/TrippApp.app/TrippApp";
			};
			name = Release;
		};
/* End XCBuildConfiguration section */

/* Begin XCConfigurationList section */
		F47368951A65B97300EF207B /* Build configuration list for PBXProject "TrippApp" */ = {
			isa = XCConfigurationList;
			buildConfigurations = (
				F47368BE1A65B97300EF207B /* Debug */,
				F47368BF1A65B97300EF207B /* Release */,
			);
			defaultConfigurationIsVisible = 0;
			defaultConfigurationName = Release;
		};
		F47368C01A65B97300EF207B /* Build configuration list for PBXNativeTarget "TrippApp" */ = {
			isa = XCConfigurationList;
			buildConfigurations = (
				F47368C11A65B97300EF207B /* Debug */,
				F47368C21A65B97300EF207B /* Release */,
			);
			defaultConfigurationIsVisible = 0;
			defaultConfigurationName = Release;
		};
		F47368C31A65B97300EF207B /* Build configuration list for PBXNativeTarget "TrippAppTests" */ = {
			isa = XCConfigurationList;
			buildConfigurations = (
				F47368C41A65B97300EF207B /* Debug */,
				F47368C51A65B97300EF207B /* Release */,
			);
			defaultConfigurationIsVisible = 0;
			defaultConfigurationName = Release;
		};
/* End XCConfigurationList section */
	};
	rootObject = F47368921A65B97300EF207B /* Project object */;
}
